{
  "originHash" : "2c5a3733211aea0ae15f838fb0a45d10ee4ab5dc867d2ac96d745ed7e75daece",
  "pins" : [
    {
      "identity" : "capacitor-swift-pm",
      "kind" : "remoteSourceControl",
      "location" : "https://github.com/ionic-team/capacitor-swift-pm.git",
      "state" : {
        "revision" : "f1a8fadf1437c23b825c818fb6509c9dbbae2f61",
        "version" : "8.3.1"
      }
    },
    {
      "identity" : "purchases-hybrid-common",
      "kind" : "remoteSourceControl",
      "location" : "https://github.com/RevenueCat/purchases-hybrid-common.git",
      "state" : {
        "revision" : "b0d62b750bd32dc9c798cba784f17cfa3561a3ee",
        "version" : "18.14.1"
      }
    },
    {
      "identity" : "purchases-ios-spm",
      "kind" : "remoteSourceControl",
      "location" : "https://github.com/RevenueCat/purchases-ios-spm",
      "state" : {
        "revision" : "629a56ecef190469914b8f0914bf0446363eb09f",
        "version" : "5.78.0"
      }
    }
  ],
  "version" : 3
}
